<?xml version="1.0" encoding="utf-8"?>
<Project ToolsVersion="4.0" xmlns="http://schemas.microsoft.com/developer/msbuild/2003">
  <ItemGroup>
    <Filter Include="Source Files">
      <UniqueIdentifier>{4FC737F1-C7A5-4376-A066-2A32D752A2FF}</UniqueIdentifier>
      <Extensions>cpp;c;cc;cxx;def;odl;idl;hpj;bat;asm;asmx</Extensions>
    </Filter>
    <Filter Include="TakionApi">
      <UniqueIdentifier>{93995380-89BD-4b04-88EB-625FBE52EBFB}</UniqueIdentifier>
      <Extensions>h;hpp;hxx;hm;inl;inc;xsd</Extensions>
    </Filter>
  </ItemGroup>
  <ItemGroup>
    <None Include="ExtensionSample.def">
      <Filter>Source Files</Filter>
    </None>
    <None Include="ExtensionSample.rc2">
      <Filter>Source Files</Filter>
    </None>
  </ItemGroup>
  <ItemGroup>
    <ClCompile Include="ExtensionSample.cpp">
      <Filter>Source Files</Filter>
    </ClCompile>
    <ClCompile Include="stdafx.cpp">
      <Filter>Source Files</Filter>
    </ClCompile>
    <ClCompile Include="MainDialog.cpp">
      <Filter>Source Files</Filter>
    </ClCompile>
    <ClCompile Include="BaseSampleDialogSettingOrder.cpp">
      <Filter>Source Files</Filter>
    </ClCompile>
    <ClCompile Include="SampleDialogSettingSwipe.cpp">
      <Filter>Source Files</Filter>
    </ClCompile>
    <ClCompile Include="SampleDialogSettingVenue.cpp">
      <Filter>Source Files</Filter>
    </ClCompile>
    <ClCompile Include="BaseSampleDialogSettingSymbol.cpp">
      <Filter>Source Files</Filter>
    </ClCompile>
    <ClCompile Include="SampleDialogSettingBorrow.cpp">
      <Filter>Source Files</Filter>
    </ClCompile>
    <ClCompile Include="SampleDialogSettingConnection.cpp">
      <Filter>Source Files</Filter>
    </ClCompile>
    <ClCompile Include="SampleDialogSettingMarketData.cpp">
      <Filter>Source Files</Filter>
    </ClCompile>
    <ClCompile Include="SampleDialogSettingStockMarketSorter.cpp">
      <Filter>Source Files</Filter>
    </ClCompile>
    <ClCompile Include="ExtensionDerivedConfig.cpp">
      <Filter>Source Files</Filter>
    </ClCompile>
    <ClCompile Include="SampleDialogSettingWindow.cpp">
      <Filter>Source Files</Filter>
    </ClCompile>
    <ClCompile Include="StockComparator.cpp">
      <Filter>Source Files</Filter>
    </ClCompile>
    <ClCompile Include="DialogStockPair.cpp">
      <Filter>Source Files</Filter>
    </ClCompile>
    <ClCompile Include="BaseDialogValue.cpp">
      <Filter>Source Files</Filter>
    </ClCompile>
    <ClCompile Include="DialogSignedPriceValue.cpp">
      <Filter>Source Files</Filter>
    </ClCompile>
    <ClCompile Include="SampleDialogSettingOrder.cpp">
      <Filter>Source Files</Filter>
    </ClCompile>
    <ClCompile Include="SampleDialogSettingTestRequest.cpp">
      <Filter>Source Files</Filter>
    </ClCompile>
    <ClCompile Include="BaseDialogSettingSimulateMessage.cpp">
      <Filter>Source Files</Filter>
    </ClCompile>
    <ClCompile Include="SampleDialogSettingSimulateQuote.cpp">
      <Filter>Source Files</Filter>
    </ClCompile>
    <ClCompile Include="BaseDialogSettingSimulateSymbol.cpp">
      <Filter>Source Files</Filter>
    </ClCompile>
    <ClCompile Include="BaseDialogSettingSimulateSymbolMap.cpp">
      <Filter>Source Files</Filter>
    </ClCompile>
    <ClCompile Include="BaseDialogSettingSimulateQuote.cpp">
      <Filter>Source Files</Filter>
    </ClCompile>
    <ClCompile Include="SampleDialogSettingHistChart.cpp">
      <Filter>Source Files</Filter>
    </ClCompile>
    <ClCompile Include="SampleDialogSettingNews.cpp">
      <Filter>Source Files</Filter>
    </ClCompile>
    <ClCompile Include="SampleDialogSettingMarketSorterImbalance.cpp">
      <Filter>Source Files</Filter>
    </ClCompile>
    <ClCompile Include="BaseDialogSettingSimulateOption.cpp">
      <Filter>Source Files</Filter>
    </ClCompile>
    <ClCompile Include="SampleDialogSettingSimulateLrpLuld.cpp">
      <Filter>Source Files</Filter>
    </ClCompile>
    <ClCompile Include="BaseDialogSettingSimulateSource.cpp">
      <Filter>Source Files</Filter>
    </ClCompile>
    <ClCompile Include="SampleDialogSettingSimulatePositionLoad.cpp">
      <Filter>Source Files</Filter>
    </ClCompile>
    <ClCompile Include="SampleDialogSettingSimulateImbalance.cpp">
      <Filter>Source Files</Filter>
    </ClCompile>
    <ClCompile Include="SampleDialogSettingSimulateClosingPrice.cpp">
      <Filter>Source Files</Filter>
    </ClCompile>
    <ClCompile Include="BaseDialogSettingSimulateOptionSource.cpp">
      <Filter>Source Files</Filter>
    </ClCompile>
    <ClCompile Include="SampleDialogSettingSimulateReset.cpp">
      <Filter>Source Files</Filter>
    </ClCompile>
    <ClCompile Include="SampleDialogSettingSimulateSnapshot.cpp">
      <Filter>Source Files</Filter>
    </ClCompile>
    <ClCompile Include="BaseDialogSettingAccount.cpp">
      <Filter>Source Files</Filter>
    </ClCompile>
    <ClCompile Include="BaseSampleDialogSettingSendOrder.cpp">
      <Filter>Source Files</Filter>
    </ClCompile>
    <ClCompile Include="SampleDialogSettingAccountAction.cpp">
      <Filter>Source Files</Filter>
    </ClCompile>
    <ClCompile Include="SampleDialogSettingPositionAction.cpp">
      <Filter>Source Files</Filter>
    </ClCompile>
    <ClCompile Include="BaseSampleDialogSettingOption.cpp">
      <Filter>Source Files</Filter>
    </ClCompile>
    <ClCompile Include="SampleDialogSettingSimulateBustExec.cpp">
      <Filter>Source Files</Filter>
    </ClCompile>
    <ClCompile Include="BaseDialogSettingSimulateAccount.cpp">
      <Filter>Source Files</Filter>
    </ClCompile>
    <ClCompile Include="BaseDialogSettingSimulateAccountSymbol.cpp">
      <Filter>Source Files</Filter>
    </ClCompile>
    <ClCompile Include="BaseDialogSettingSimulateAccountOption.cpp">
      <Filter>Source Files</Filter>
    </ClCompile>
    <ClCompile Include="SampleDialogSettingSimulateFirmPosition.cpp">
      <Filter>Source Files</Filter>
    </ClCompile>
    <ClCompile Include="SampleDialogSettingSimulateEnforceAggregation.cpp">
      <Filter>Source Files</Filter>
    </ClCompile>
    <ClCompile Include="SampleDialogSettingSimulateMarketStatus.cpp">
      <Filter>Source Files</Filter>
    </ClCompile>
    <ClCompile Include="SampleDialogSettingSimulateNewDay.cpp">
      <Filter>Source Files</Filter>
    </ClCompile>
    <ClCompile Include="SampleDialogSettingSimulatePrint.cpp">
      <Filter>Source Files</Filter>
    </ClCompile>
    <ClCompile Include="SampleDialogSettingSimulateLevel1.cpp">
      <Filter>Source Files</Filter>
    </ClCompile>
    <ClCompile Include="BaseDialogSettingStrategy.cpp">
      <Filter>Source Files</Filter>
    </ClCompile>
    <ClCompile Include="DialogStrategyHiLo.cpp">
      <Filter>Source Files</Filter>
    </ClCompile>
    <ClCompile Include="BaseDialogSettingStrategyTimer.cpp">
      <Filter>Source Files</Filter>
    </ClCompile>
    <ClCompile Include="BaseDialogSetting.cpp">
      <Filter>Source Files</Filter>
    </ClCompile>
    <ClCompile Include="SampleDialogSettingCommand.cpp">
      <Filter>Source Files</Filter>
    </ClCompile>
    <ClCompile Include="BaseDialogSettingChart.cpp">
      <Filter>Source Files</Filter>
    </ClCompile>
    <ClCompile Include="SampleDialogSettingTodayChart.cpp">
      <Filter>Source Files</Filter>
    </ClCompile>
    <ClCompile Include="SampleDialogSettingHistPrint.cpp">
      <Filter>Source Files</Filter>
    </ClCompile>
    <ClCompile Include="MyMarketSorter.cpp">
      <Filter>Source Files</Filter>
    </ClCompile>
    <ClCompile Include="SampleDialogSettingSimulateStockType.cpp">
      <Filter>Source Files</Filter>
    </ClCompile>
    <ClCompile Include="SampleDialogSettingSimulateMdLogon.cpp">
      <Filter>Source Files</Filter>
    </ClCompile>
    <ClCompile Include="SampleDialogSettingLevel2InThread.cpp">
      <Filter>Source Files</Filter>
    </ClCompile>
    <ClCompile Include="BaseDialogSettingSimulatePrint.cpp">
      <Filter>Source Files</Filter>
    </ClCompile>
    <ClCompile Include="SampleDialogSettingSimulateChartCorrection.cpp">
      <Filter>Source Files</Filter>
    </ClCompile>
    <ClCompile Include="SampleDialogSettingSimulateOrderUpdate.cpp">
      <Filter>Source Files</Filter>
    </ClCompile>
    <ClCompile Include="SampleDialogSettingSimulateAdminBroadcast.cpp">
      <Filter>Source Files</Filter>
    </ClCompile>
    <ClCompile Include="SampleDialogSettingSimulateTradingAction.cpp">
      <Filter>Source Files</Filter>
    </ClCompile>
    <ClCompile Include="SampleDialogSettingSimulateStockLoanInfo.cpp">
      <Filter>Source Files</Filter>
    </ClCompile>
    <ClCompile Include="SampleDialogSettingPosition.cpp">
      <Filter>Source Files</Filter>
    </ClCompile>
    <ClCompile Include="SampleDialogSettingSimulateUntradeableStatus.cpp">
      <Filter>Source Files</Filter>
    </ClCompile>
    <ClCompile Include="SampleDialogSettingSimulateAccountRisk.cpp">
      <Filter>Source Files</Filter>
    </ClCompile>
    <ClCompile Include="MyMarketSorterFilter.cpp">
      <Filter>Source Files</Filter>
    </ClCompile>
    <ClCompile Include="BaseDialogSettingSimulateFirm.cpp">
      <Filter>Source Files</Filter>
    </ClCompile>
    <ClCompile Include="SampleDialogSettingSimulateEtbList.cpp">
      <Filter>Source Files</Filter>
    </ClCompile>
    <ClCompile Include="SampleDialogSettingSimulateChartSnapshot.cpp">
      <Filter>Source Files</Filter>
    </ClCompile>
    <ClCompile Include="SampleDialogSettingSimulateIndexSnapshot.cpp">
      <Filter>Source Files</Filter>
    </ClCompile>
    <ClCompile Include="SampleDialogSettingCancel.cpp">
      <Filter>Source Files</Filter>
    </ClCompile>
  </ItemGroup>
  <ItemGroup>
    <ClInclude Include="ExtensionSample.h">
      <Filter>Source Files</Filter>
    </ClInclude>
    <ClInclude Include="stdafx.h">
      <Filter>Source Files</Filter>
    </ClInclude>
    <ClInclude Include="targetver.h">
      <Filter>Source Files</Filter>
    </ClInclude>
    <ClInclude Include="..\ObserverApi.h">
      <Filter>TakionApi</Filter>
    </ClInclude>
    <ClInclude Include="..\TakionDataApi.h">
      <Filter>TakionApi</Filter>
    </ClInclude>
    <ClInclude Include="..\TakionGui.h">
      <Filter>TakionApi</Filter>
    </ClInclude>
    <ClInclude Include="..\TakionLogApi.h">
      <Filter>TakionApi</Filter>
    </ClInclude>
    <ClInclude Include="..\TakionMemoryApi.h">
      <Filter>TakionApi</Filter>
    </ClInclude>
    <ClInclude Include="..\TakionUtilsApi.h">
      <Filter>TakionApi</Filter>
    </ClInclude>
    <ClInclude Include="..\UtilsApi.h">
      <Filter>TakionApi</Filter>
    </ClInclude>
    <ClInclude Include="MainDialog.h">
      <Filter>Source Files</Filter>
    </ClInclude>
    <ClInclude Include="SampleDialogSettingSwipe.h">
      <Filter>Source Files</Filter>
    </ClInclude>
    <ClInclude Include="BaseSampleDialogSettingOrder.h">
      <Filter>Source Files</Filter>
    </ClInclude>
    <ClInclude Include="SampleDialogSettingVenue.h">
      <Filter>Source Files</Filter>
    </ClInclude>
    <ClInclude Include="BaseSampleDialogSettingSymbol.h">
      <Filter>Source Files</Filter>
    </ClInclude>
    <ClInclude Include="SampleDialogSettingBorrow.h">
      <Filter>Source Files</Filter>
    </ClInclude>
    <ClInclude Include="SampleDialogSettingConnection.h">
      <Filter>Source Files</Filter>
    </ClInclude>
    <ClInclude Include="SampleDialogSettingMarketData.h">
      <Filter>Source Files</Filter>
    </ClInclude>
    <ClInclude Include="StockBase.h">
      <Filter>Source Files</Filter>
    </ClInclude>
    <ClInclude Include="SampleDialogSettingStockMarketSorter.h">
      <Filter>Source Files</Filter>
    </ClInclude>
    <ClInclude Include="ExtensionDerivedConfig.h">
      <Filter>Source Files</Filter>
    </ClInclude>
    <ClInclude Include="SampleDialogSettingWindow.h">
      <Filter>Source Files</Filter>
    </ClInclude>
    <ClInclude Include="StockComparator.h">
      <Filter>Source Files</Filter>
    </ClInclude>
    <ClInclude Include="DialogStockPair.h">
      <Filter>Source Files</Filter>
    </ClInclude>
    <ClInclude Include="BaseDialogValue.h">
      <Filter>Source Files</Filter>
    </ClInclude>
    <ClInclude Include="DialogSignedPriceValue.h">
      <Filter>Source Files</Filter>
    </ClInclude>
    <ClInclude Include="SampleDialogSettingOrder.h">
      <Filter>Source Files</Filter>
    </ClInclude>
    <ClInclude Include="ConfigEnums.h">
      <Filter>Source Files</Filter>
    </ClInclude>
    <ClInclude Include="SampleDialogSettingTestRequest.h">
      <Filter>Source Files</Filter>
    </ClInclude>
    <ClInclude Include="BaseDialogSettingSimulateMessage.h">
      <Filter>Source Files</Filter>
    </ClInclude>
    <ClInclude Include="SampleDialogSettingSimulateQuote.h">
      <Filter>Source Files</Filter>
    </ClInclude>
    <ClInclude Include="BaseDialogSettingSimulateSymbol.h">
      <Filter>Source Files</Filter>
    </ClInclude>
    <ClInclude Include="BaseDialogSettingSimulateSymbolMap.h">
      <Filter>Source Files</Filter>
    </ClInclude>
    <ClInclude Include="BaseDialogSettingSimulateQuote.h">
      <Filter>Source Files</Filter>
    </ClInclude>
    <ClInclude Include="SampleDialogSettingHistChart.h">
      <Filter>Source Files</Filter>
    </ClInclude>
    <ClInclude Include="SampleDialogSettingNews.h">
      <Filter>Source Files</Filter>
    </ClInclude>
    <ClInclude Include="SampleDialogSettingMarketSorterImbalance.h">
      <Filter>Source Files</Filter>
    </ClInclude>
    <ClInclude Include="BaseDialogSettingSimulateOption.h">
      <Filter>Source Files</Filter>
    </ClInclude>
    <ClInclude Include="SampleDialogSettingSimulateLrpLuld.h">
      <Filter>Source Files</Filter>
    </ClInclude>
    <ClInclude Include="BaseDialogSettingSimulateSource.h">
      <Filter>Source Files</Filter>
    </ClInclude>
    <ClInclude Include="SampleDialogSettingSimulatePositionLoad.h">
      <Filter>Source Files</Filter>
    </ClInclude>
    <ClInclude Include="SampleDialogSettingSimulateImbalance.h">
      <Filter>Source Files</Filter>
    </ClInclude>
    <ClInclude Include="SampleDialogSettingSimulateClosingPrice.h">
      <Filter>Source Files</Filter>
    </ClInclude>
    <ClInclude Include="BaseDialogSettingSimulateOptionSource.h">
      <Filter>Source Files</Filter>
    </ClInclude>
    <ClInclude Include="SampleDialogSettingSimulateReset.h">
      <Filter>Source Files</Filter>
    </ClInclude>
    <ClInclude Include="SampleDialogSettingSimulateSnapshot.h">
      <Filter>Source Files</Filter>
    </ClInclude>
    <ClInclude Include="BaseDialogSettingAccount.h">
      <Filter>Source Files</Filter>
    </ClInclude>
    <ClInclude Include="BaseSampleDialogSettingSendOrder.h">
      <Filter>Source Files</Filter>
    </ClInclude>
    <ClInclude Include="SampleDialogSettingAccountAction.h">
      <Filter>Source Files</Filter>
    </ClInclude>
    <ClInclude Include="SampleDialogSettingPositionAction.h">
      <Filter>Source Files</Filter>
    </ClInclude>
    <ClInclude Include="BaseSampleDialogSettingOption.h">
      <Filter>Source Files</Filter>
    </ClInclude>
    <ClInclude Include="SampleDialogSettingSimulateBustExec.h">
      <Filter>Source Files</Filter>
    </ClInclude>
    <ClInclude Include="BaseDialogSettingSimulateAccount.h">
      <Filter>Source Files</Filter>
    </ClInclude>
    <ClInclude Include="BaseDialogSettingSimulateAccountSymbol.h">
      <Filter>Source Files</Filter>
    </ClInclude>
    <ClInclude Include="BaseDialogSettingSimulateAccountOption.h">
      <Filter>Source Files</Filter>
    </ClInclude>
    <ClInclude Include="SampleDialogSettingSimulateFirmPosition.h">
      <Filter>Source Files</Filter>
    </ClInclude>
    <ClInclude Include="SampleDialogSettingSimulateEnforceAggregation.h">
      <Filter>Source Files</Filter>
    </ClInclude>
    <ClInclude Include="SampleDialogSettingSimulateMarketStatus.h">
      <Filter>Source Files</Filter>
    </ClInclude>
    <ClInclude Include="SampleDialogSettingSimulateNewDay.h">
      <Filter>Source Files</Filter>
    </ClInclude>
    <ClInclude Include="SampleDialogSettingSimulatePrint.h">
      <Filter>Source Files</Filter>
    </ClInclude>
    <ClInclude Include="..\UtilsGuiApi.h">
      <Filter>TakionApi</Filter>
    </ClInclude>
    <ClInclude Include="..\ConnectionApi.h">
      <Filter>TakionApi</Filter>
    </ClInclude>
    <ClInclude Include="SampleDialogSettingSimulateLevel1.h">
      <Filter>Source Files</Filter>
    </ClInclude>
    <ClInclude Include="BaseDialogSettingStrategy.h">
      <Filter>Source Files</Filter>
    </ClInclude>
    <ClInclude Include="DialogStrategyHiLo.h">
      <Filter>Source Files</Filter>
    </ClInclude>
    <ClInclude Include="BaseDialogSettingStrategyTimer.h">
      <Filter>Source Files</Filter>
    </ClInclude>
    <ClInclude Include="BaseDialogSetting.h">
      <Filter>Source Files</Filter>
    </ClInclude>
    <ClInclude Include="SampleDialogSettingCommand.h">
      <Filter>Source Files</Filter>
    </ClInclude>
    <ClInclude Include="BaseDialogSettingChart.h">
      <Filter>Source Files</Filter>
    </ClInclude>
    <ClInclude Include="SampleDialogSettingTodayChart.h">
      <Filter>Source Files</Filter>
    </ClInclude>
    <ClInclude Include="SampleDialogSettingHistPrint.h">
      <Filter>Source Files</Filter>
    </ClInclude>
    <ClInclude Include="MyMarketSorter.h">
      <Filter>Source Files</Filter>
    </ClInclude>
    <ClInclude Include="SampleDialogSettingSimulateStockType.h">
      <Filter>Source Files</Filter>
    </ClInclude>
    <ClInclude Include="SampleDialogSettingSimulateMdLogon.h">
      <Filter>Source Files</Filter>
    </ClInclude>
    <ClInclude Include="SampleDialogSettingLevel2InThread.h">
      <Filter>Source Files</Filter>
    </ClInclude>
    <ClInclude Include="BaseDialogSettingSimulatePrint.h">
      <Filter>Source Files</Filter>
    </ClInclude>
    <ClInclude Include="SampleDialogSettingSimulateChartCorrection.h">
      <Filter>Source Files</Filter>
    </ClInclude>
    <ClInclude Include="ExtensionSampleVersion.h">
      <Filter>Source Files</Filter>
    </ClInclude>
    <ClInclude Include="SampleDialogSettingSimulateOrderUpdate.h">
      <Filter>Source Files</Filter>
    </ClInclude>
    <ClInclude Include="SampleDialogSettingSimulateAdminBroadcast.h">
      <Filter>Source Files</Filter>
    </ClInclude>
    <ClInclude Include="SampleDialogSettingSimulateTradingAction.h">
      <Filter>Source Files</Filter>
    </ClInclude>
    <ClInclude Include="SampleDialogSettingSimulateStockLoanInfo.h">
      <Filter>Source Files</Filter>
    </ClInclude>
    <ClInclude Include="SampleDialogSettingPosition.h">
      <Filter>Source Files</Filter>
    </ClInclude>
    <ClInclude Include="SampleDialogSettingSimulateUntradeableStatus.h">
      <Filter>Source Files</Filter>
    </ClInclude>
    <ClInclude Include="SampleDialogSettingSimulateAccountRisk.h">
      <Filter>Source Files</Filter>
    </ClInclude>
    <ClInclude Include="IncrementalHexEdit.h">
      <Filter>Source Files</Filter>
    </ClInclude>
    <ClInclude Include="..\TakionVersionBase.h">
      <Filter>TakionApi</Filter>
    </ClInclude>
    <ClInclude Include="MyMarketSorterFilter.h">
      <Filter>Source Files</Filter>
    </ClInclude>
    <ClInclude Include="BaseDialogSettingSimulateFirm.h">
      <Filter>Source Files</Filter>
    </ClInclude>
    <ClInclude Include="SampleDialogSettingSimulateEtbList.h">
      <Filter>Source Files</Filter>
    </ClInclude>
    <ClInclude Include="SampleDialogSettingSimulateChartSnapshot.h">
      <Filter>Source Files</Filter>
    </ClInclude>
    <ClInclude Include="ListBoxSnapshotFlags.h">
      <Filter>Source Files</Filter>
    </ClInclude>
    <ClInclude Include="SampleDialogSettingSimulateIndexSnapshot.h">
      <Filter>Source Files</Filter>
    </ClInclude>
    <ClInclude Include="SampleDialogSettingCancel.h">
      <Filter>Source Files</Filter>
    </ClInclude>
  </ItemGroup>
  <ItemGroup>
    <ResourceCompile Include="ExtensionSample.rc">
      <Filter>Source Files</Filter>
    </ResourceCompile>
  </ItemGroup>
</Project>